
Microsoft Visual Studio Solution File, Format Version 12.00
# Visual Studio Version 17
VisualStudioVersion = 17.11.35208.52
MinimumVisualStudioVersion = 10.0.40219.1
Project("{FAE04EC0-301F-11D3-BF4B-00C04F79EFBC}") = "Update", "Update\Update.csproj", "{48A3CD99-A51A-40DC-8DE9-CCE780A52900}"
EndProject
Global
	GlobalSection(SolutionConfigurationPlatforms) = preSolution
		Debug|Any CPU = Debug|Any CPU
		Release|Any CPU = Release|Any CPU
	EndGlobalSection
	GlobalSection(ProjectConfigurationPlatforms) = postSolution
		{48A3CD99-A51A-40DC-8DE9-CCE780A52900}.Debug|Any CPU.ActiveCfg = Debug|Any CPU
		{48A3CD99-A51A-40DC-8DE9-CCE780A52900}.Debug|Any CPU.Build.0 = Debug|Any CPU
		{48A3CD99-A51A-40DC-8DE9-CCE780A52900}.Release|Any CPU.ActiveCfg = Release|Any CPU
		{48A3CD99-A51A-40DC-8DE9-CCE780A52900}.Release|Any CPU.Build.0 = Release|Any CPU
	EndGlobalSection
	GlobalSection(SolutionProperties) = preSolution
		HideSolutionNode = FALSE
	EndGlobalSection
	GlobalSection(ExtensibilityGlobals) = postSolution
		SolutionGuid = {69A1D2EE-553D-4C5C-9979-2DD798722AE3}
	EndGlobalSection
EndGlobal
